
Microsoft Visual Studio Solution File, Format Version 12.00
# Visual Studio Version 16
VisualStudioVersion = 16.0.31129.286
MinimumVisualStudioVersion = 10.0.40219.1
Project("{FAE04EC0-301F-11D3-BF4B-00C04F79EFBC}") = "DEMO_Telegram", "DEMO_Telegram.csproj", "{278B323D-9606-41AD-9867-F5DB4EED2494}"
EndProject
Project("{FAE04EC0-301F-11D3-BF4B-00C04F79EFBC}") = "LibTelegram", "LibTelegram\LibTelegram.csproj", "{A0A0AA05-A79F-4D79-BB63-5BB8F8054B16}"
EndProject
Global
	GlobalSection(SolutionConfigurationPlatforms) = preSolution
		Debug|Any CPU = Debug|Any CPU
		Debug|x86 = Debug|x86
		Release|Any CPU = Release|Any CPU
		Release|x86 = Release|x86
	EndGlobalSection
	GlobalSection(ProjectConfigurationPlatforms) = postSolution
		{278B323D-9606-41AD-9867-F5DB4EED2494}.Debug|Any CPU.ActiveCfg = Debug|x86
		{278B323D-9606-41AD-9867-F5DB4EED2494}.Debug|x86.ActiveCfg = Debug|x86
		{278B323D-9606-41AD-9867-F5DB4EED2494}.Debug|x86.Build.0 = Debug|x86
		{278B323D-9606-41AD-9867-F5DB4EED2494}.Release|Any CPU.ActiveCfg = Release|x86
		{278B323D-9606-41AD-9867-F5DB4EED2494}.Release|x86.ActiveCfg = Release|x86
		{278B323D-9606-41AD-9867-F5DB4EED2494}.Release|x86.Build.0 = Release|x86
		{A0A0AA05-A79F-4D79-BB63-5BB8F8054B16}.Debug|Any CPU.ActiveCfg = Debug|Any CPU
		{A0A0AA05-A79F-4D79-BB63-5BB8F8054B16}.Debug|Any CPU.Build.0 = Debug|Any CPU
		{A0A0AA05-A79F-4D79-BB63-5BB8F8054B16}.Debug|x86.ActiveCfg = Debug|Any CPU
		{A0A0AA05-A79F-4D79-BB63-5BB8F8054B16}.Debug|x86.Build.0 = Debug|Any CPU
		{A0A0AA05-A79F-4D79-BB63-5BB8F8054B16}.Release|Any CPU.ActiveCfg = Release|Any CPU
		{A0A0AA05-A79F-4D79-BB63-5BB8F8054B16}.Release|Any CPU.Build.0 = Release|Any CPU
		{A0A0AA05-A79F-4D79-BB63-5BB8F8054B16}.Release|x86.ActiveCfg = Release|Any CPU
		{A0A0AA05-A79F-4D79-BB63-5BB8F8054B16}.Release|x86.Build.0 = Release|Any CPU
	EndGlobalSection
	GlobalSection(SolutionProperties) = preSolution
		HideSolutionNode = FALSE
	EndGlobalSection
	GlobalSection(ExtensibilityGlobals) = postSolution
		SolutionGuid = {772D11A5-3023-4548-836D-4209BE69516D}
	EndGlobalSection
EndGlobal
